{
  "name": "pi-hermes-gateway",
  "version": "0.0.0",
  "lockfileVersion": 3,
  "requires": true,
  "packages": {
    "": {
      "name": "pi-hermes-gateway",
      "version": "0.0.0",
      "workspaces": [
        "packages/protocol",
        "packages/gateway",
        "packages/adapter-telegram",
        "packages/adapter-whatsapp",
        "packages/adapter-slack",
        "packages/pi-companion",
        "packages/dashboard"
      ],
      "devDependencies": {
        "typescript": "5.9.3"
      },
      "engines": {
        "node": ">=24.20.0"
      }
    },
    "node_modules/pi-hermes-gateway-adapter-slack": {
      "resolved": "packages/adapter-slack",
      "link": true
    },
    "node_modules/pi-hermes-gateway-adapter-telegram": {
      "resolved": "packages/adapter-telegram",
      "link": true
    },
    "node_modules/pi-hermes-gateway-adapter-whatsapp": {
      "resolved": "packages/adapter-whatsapp",
      "link": true
    },
    "node_modules/pi-hermes-gateway-companion": {
      "resolved": "packages/pi-companion",
      "link": true
    },
    "node_modules/pi-hermes-gateway-core": {
      "resolved": "packages/gateway",
      "link": true
    },
    "node_modules/pi-hermes-gateway-dashboard": {
      "resolved": "packages/dashboard",
      "link": true
    },
    "node_modules/pi-hermes-gateway-protocol": {
      "resolved": "packages/protocol",
      "link": true
    },
    "node_modules/typescript": {
      "version": "5.9.3",
      "resolved": "https://registry.npmjs.org/typescript/-/typescript-5.9.3.tgz",
      "integrity": "sha512-jl1vZzPDinLr9eUt3J/t7V6FgNEw9QjvBPdysz9KfQDD41fQrC2Y4vKQdiaUpFT4bXlb1RHhLpp8wtm6M5TgSw==",
      "dev": true,
      "license": "Apache-2.0",
      "bin": {
        "tsc": "bin/tsc",
        "tsserver": "bin/tsserver"
      },
      "engines": {
        "node": ">=14.17"
      }
    },
    "packages/adapter-slack": {
      "name": "pi-hermes-gateway-adapter-slack",
      "version": "0.0.0",
      "dependencies": {
        "pi-hermes-gateway-protocol": "0.0.0"
      },
      "engines": {
        "node": ">=24.20.0"
      }
    },
    "packages/adapter-telegram": {
      "name": "pi-hermes-gateway-adapter-telegram",
      "version": "0.0.0",
      "dependencies": {
        "pi-hermes-gateway-protocol": "0.0.0"
      },
      "engines": {
        "node": ">=24.20.0"
      }
    },
    "packages/adapter-whatsapp": {
      "name": "pi-hermes-gateway-adapter-whatsapp",
      "version": "0.0.0",
      "dependencies": {
        "pi-hermes-gateway-protocol": "0.0.0"
      },
      "engines": {
        "node": ">=24.20.0"
      }
    },
    "packages/dashboard": {
      "name": "pi-hermes-gateway-dashboard",
      "version": "0.0.0",
      "engines": {
        "node": ">=24.20.0"
      }
    },
    "packages/gateway": {
      "name": "pi-hermes-gateway-core",
      "version": "0.0.0",
      "dependencies": {
        "pi-hermes-gateway-protocol": "0.0.0"
      },
      "bin": {
        "pi-hermes-gateway-core": "dist/cli.js"
      },
      "engines": {
        "node": ">=24.20.0"
      }
    },
    "packages/pi-companion": {
      "name": "pi-hermes-gateway-companion",
      "version": "0.0.0",
      "dependencies": {
        "pi-hermes-gateway-protocol": "0.0.0"
      },
      "engines": {
        "node": ">=24.20.0"
      }
    },
    "packages/protocol": {
      "name": "pi-hermes-gateway-protocol",
      "version": "0.0.0",
      "engines": {
        "node": ">=24.20.0"
      }
    }
  }
}
